
Microsoft Visual Studio Solution File, Format Version 12.00
# Visual Studio 14
VisualStudioVersion = 14.0.24720.0
MinimumVisualStudioVersion = 10.0.40219.1
Project("{E24C65DC-7377-472B-9ABA-BC803B73C61A}") = "SEProjectWebservice", "http://localhost/SEProjectWebservice", "{EDA1BEE8-6AA4-4D0B-8351-11A5A0326821}"
	ProjectSection(WebsiteProperties) = preProject
		UseIISExpress = "false"
		TargetFrameworkMoniker = ".NETFramework,Version%3Dv4.5.2"
		Debug.AspNetCompiler.VirtualPath = "/SEProjectWebservice"
		Debug.AspNetCompiler.PhysicalPath = "..\..\..\..\..\..\..\inetpub\wwwroot\SEProjectWebservice\"
		Debug.AspNetCompiler.TargetPath = "PrecompiledWeb\SEProjectWebservice\"
		Debug.AspNetCompiler.Updateable = "true"
		Debug.AspNetCompiler.ForceOverwrite = "true"
		Debug.AspNetCompiler.FixedNames = "false"
		Debug.AspNetCompiler.Debug = "True"
		Release.AspNetCompiler.VirtualPath = "/SEProjectWebservice"
		Release.AspNetCompiler.PhysicalPath = "..\..\..\..\..\..\..\inetpub\wwwroot\SEProjectWebservice\"
		Release.AspNetCompiler.TargetPath = "PrecompiledWeb\SEProjectWebservice\"
		Release.AspNetCompiler.Updateable = "true"
		Release.AspNetCompiler.ForceOverwrite = "true"
		Release.AspNetCompiler.FixedNames = "false"
		Release.AspNetCompiler.Debug = "False"
		SlnRelativePath = "..\..\..\..\..\..\..\inetpub\wwwroot\SEProjectWebservice\"
		DefaultWebSiteLanguage = "Visual C#"
	EndProjectSection
EndProject
Global
	GlobalSection(SolutionConfigurationPlatforms) = preSolution
		Debug|Any CPU = Debug|Any CPU
	EndGlobalSection
	GlobalSection(ProjectConfigurationPlatforms) = postSolution
		{EDA1BEE8-6AA4-4D0B-8351-11A5A0326821}.Debug|Any CPU.ActiveCfg = Debug|Any CPU
		{EDA1BEE8-6AA4-4D0B-8351-11A5A0326821}.Debug|Any CPU.Build.0 = Debug|Any CPU
	EndGlobalSection
	GlobalSection(SolutionProperties) = preSolution
		HideSolutionNode = FALSE
	EndGlobalSection
EndGlobal
